<?xml version="1.0" encoding="utf-8"?>
<Project ToolsVersion="4.0" xmlns="http://schemas.microsoft.com/developer/msbuild/2003">
  <ItemGroup>
    <Filter Include="Source">
      <UniqueIdentifier>{4FC737F1-C7A5-4376-A066-2A32D752A2FF}</UniqueIdentifier>
      <Extensions>cpp;c;cc;cxx;def;odl;idl;hpj;bat;asm;asmx</Extensions>
    </Filter>
    <Filter Include="Source\Components">
      <UniqueIdentifier>{6dc84665-177a-400e-8ef1-3cae68076951}</UniqueIdentifier>
    </Filter>
    <Filter Include="Engine">
      <UniqueIdentifier>{89f6904c-4a24-430c-b0e5-54af41c27f8c}</UniqueIdentifier>
    </Filter>
    <Filter Include="Engine\Core">
      <UniqueIdentifier>{010db517-84c4-469d-a7ea-9fbb8bac2b4f}</UniqueIdentifier>
    </Filter>
    <Filter Include="Engine\Util">
      <UniqueIdentifier>{eeb71849-14b6-4f76-b8bc-894469460d79}</UniqueIdentifier>
    </Filter>
    <Filter Include="Engine\Core\Manager">
      <UniqueIdentifier>{c1b7547e-4c80-4d06-8a17-aff14d334deb}</UniqueIdentifier>
    </Filter>
    <Filter Include="Engine\Core\Scene">
      <UniqueIdentifier>{893fe220-0191-4a7a-acef-688fb2bae64f}</UniqueIdentifier>
    </Filter>
    <Filter Include="Engine\Core\Scene\Object">
      <UniqueIdentifier>{d238718e-772e-4389-9f7c-6e00f7365bea}</UniqueIdentifier>
    </Filter>
    <Filter Include="ImGui">
      <UniqueIdentifier>{5decfaf6-ee3c-48e3-b0b2-7770a39b8fea}</UniqueIdentifier>
    </Filter>
    <Filter Include="ImGui-plot">
      <UniqueIdentifier>{9eafa8bc-487a-41c4-8627-841332598547}</UniqueIdentifier>
    </Filter>
    <Filter Include="Engine\Core\Input">
      <UniqueIdentifier>{5df0df42-16b4-4bfa-b1fd-a4f14411b07f}</UniqueIdentifier>
    </Filter>
    <Filter Include="Engine\Core\Input\Device">
      <UniqueIdentifier>{4d5215a3-caeb-40ae-ba3f-fa3284b67d74}</UniqueIdentifier>
    </Filter>
    <Filter Include="Engine\Core\Input\Device\Impl">
      <UniqueIdentifier>{b3677b53-6ed3-4c37-8a11-4ed43cd831da}</UniqueIdentifier>
    </Filter>
    <Filter Include="Source\Commands">
      <UniqueIdentifier>{9f739f06-f983-47ff-8e03-e5ccddbf54d1}</UniqueIdentifier>
    </Filter>
    <Filter Include="Engine\Core\Event">
      <UniqueIdentifier>{6cf9cde1-77c4-4c1f-b308-ef4ee3634093}</UniqueIdentifier>
    </Filter>
    <Filter Include="Source\Observers">
      <UniqueIdentifier>{176b061c-4841-4102-9f73-8a6ed33444e3}</UniqueIdentifier>
    </Filter>
    <Filter Include="Engine\Core\Steam">
      <UniqueIdentifier>{d70dd7fe-6c97-4e40-a5c7-0f0cb16412f4}</UniqueIdentifier>
    </Filter>
    <Filter Include="Engine\Core\Steam\Achievement">
      <UniqueIdentifier>{37431b6d-ed2a-48ff-9090-212f31668848}</UniqueIdentifier>
    </Filter>
  </ItemGroup>
  <ItemGroup>
    <ClInclude Include="TextComponent.h">
      <Filter>Source\Components</Filter>
    </ClInclude>
    <ClInclude Include="Minigin.h">
      <Filter>Engine</Filter>
    </ClInclude>
    <ClInclude Include="GameObject.h">
      <Filter>Engine\Core\Scene\Object</Filter>
    </ClInclude>
    <ClInclude Include="Scene.h">
      <Filter>Engine\Core\Scene</Filter>
    </ClInclude>
    <ClInclude Include="Font.h">
      <Filter>Engine\Core</Filter>
    </ClInclude>
    <ClInclude Include="Singleton.h">
      <Filter>Engine\Util</Filter>
    </ClInclude>
    <ClInclude Include="ResourceManager.h">
      <Filter>Engine\Core\Manager</Filter>
    </ClInclude>
    <ClInclude Include="SceneManager.h">
      <Filter>Engine\Core\Manager</Filter>
    </ClInclude>
    <ClInclude Include="Renderer.h">
      <Filter>Engine\Core</Filter>
    </ClInclude>
    <ClInclude Include="Texture2D.h">
      <Filter>Engine\Core</Filter>
    </ClInclude>
    <ClInclude Include="TextureComponent.h">
      <Filter>Source\Components</Filter>
    </ClInclude>
    <ClInclude Include="FpsComponent.h">
      <Filter>Source\Components</Filter>
    </ClInclude>
    <ClInclude Include="BaseComponent.h">
      <Filter>Engine\Core\Scene\Object</Filter>
    </ClInclude>
    <ClInclude Include="Transform.h">
      <Filter>Engine\Core</Filter>
    </ClInclude>
    <ClInclude Include="RotatorComponent.h">
      <Filter>Source\Components</Filter>
    </ClInclude>
    <ClInclude Include="..\3rdParty\ImGui\imconfig.h">
      <Filter>ImGui</Filter>
    </ClInclude>
    <ClInclude Include="..\3rdParty\ImGui\imgui.h">
      <Filter>ImGui</Filter>
    </ClInclude>
    <ClInclude Include="..\3rdParty\ImGui\imgui_internal.h">
      <Filter>ImGui</Filter>
    </ClInclude>
    <ClInclude Include="..\3rdParty\ImGui\imstb_rectpack.h">
      <Filter>ImGui</Filter>
    </ClInclude>
    <ClInclude Include="..\3rdParty\ImGui\imstb_textedit.h">
      <Filter>ImGui</Filter>
    </ClInclude>
    <ClInclude Include="..\3rdParty\ImGui\imstb_truetype.h">
      <Filter>ImGui</Filter>
    </ClInclude>
    <ClInclude Include="..\3rdParty\ImGui\backends\imgui_impl_opengl3.h">
      <Filter>ImGui</Filter>
    </ClInclude>
    <ClInclude Include="..\3rdParty\ImGui\backends\imgui_impl_sdl2.h">
      <Filter>ImGui</Filter>
    </ClInclude>
    <ClInclude Include="..\3rdParty\ImGui-plot\include\imgui_plot.h">
      <Filter>ImGui-plot</Filter>
    </ClInclude>
    <ClInclude Include="ThrashTheCacheComponent.h">
      <Filter>Source\Components</Filter>
    </ClInclude>
    <ClInclude Include="InputManager.h">
      <Filter>Engine\Core\Input</Filter>
    </ClInclude>
    <ClInclude Include="Command.h">
      <Filter>Engine\Core\Input</Filter>
    </ClInclude>
    <ClInclude Include="Gamepad.h">
      <Filter>Engine\Core\Input\Device</Filter>
    </ClInclude>
    <ClInclude Include="InputDevice.h">
      <Filter>Engine\Core\Input\Device</Filter>
    </ClInclude>
    <ClInclude Include="Keyboard.h">
      <Filter>Engine\Core\Input\Device</Filter>
    </ClInclude>
    <ClInclude Include="LogCommand.h">
      <Filter>Source\Commands</Filter>
    </ClInclude>
    <ClInclude Include="MoveCommand.h">
      <Filter>Source\Commands</Filter>
    </ClInclude>
    <ClInclude Include="MoveComponent.h">
      <Filter>Source\Components</Filter>
    </ClInclude>
    <ClInclude Include="Observer.h">
      <Filter>Engine\Core\Event</Filter>
    </ClInclude>
    <ClInclude Include="Event.h">
      <Filter>Engine\Core\Event</Filter>
    </ClInclude>
    <ClInclude Include="hash.h">
      <Filter>Engine\Util</Filter>
    </ClInclude>
    <ClInclude Include="Subject.h">
      <Filter>Engine\Core\Event</Filter>
    </ClInclude>
    <ClInclude Include="AchievementObserver.h">
      <Filter>Source\Observers</Filter>
    </ClInclude>
    <ClInclude Include="SteamAchievement.h">
      <Filter>Engine\Core\Steam\Achievement</Filter>
    </ClInclude>
    <ClInclude Include="SteamAchievementManager.h">
      <Filter>Engine\Core\Steam\Achievement</Filter>
    </ClInclude>
    <ClInclude Include="ScoreComponent.h">
      <Filter>Source\Components</Filter>
    </ClInclude>
    <ClInclude Include="IncreaseScoreCommand.h">
      <Filter>Source\Commands</Filter>
    </ClInclude>
  </ItemGroup>
  <ItemGroup>
    <ClCompile Include="Main.cpp">
      <Filter>Source</Filter>
    </ClCompile>
    <ClCompile Include="Minigin.cpp">
      <Filter>Engine</Filter>
    </ClCompile>
    <ClCompile Include="TextComponent.cpp">
      <Filter>Source\Components</Filter>
    </ClCompile>
    <ClCompile Include="GameObject.cpp">
      <Filter>Engine\Core\Scene\Object</Filter>
    </ClCompile>
    <ClCompile Include="Scene.cpp">
      <Filter>Engine\Core\Scene</Filter>
    </ClCompile>
    <ClCompile Include="Font.cpp">
      <Filter>Engine\Core</Filter>
    </ClCompile>
    <ClCompile Include="ResourceManager.cpp">
      <Filter>Engine\Core\Manager</Filter>
    </ClCompile>
    <ClCompile Include="SceneManager.cpp">
      <Filter>Engine\Core\Manager</Filter>
    </ClCompile>
    <ClCompile Include="Renderer.cpp">
      <Filter>Engine\Core</Filter>
    </ClCompile>
    <ClCompile Include="TextureComponent.cpp">
      <Filter>Source\Components</Filter>
    </ClCompile>
    <ClCompile Include="FpsComponent.cpp">
      <Filter>Source\Components</Filter>
    </ClCompile>
    <ClCompile Include="BaseComponent.cpp">
      <Filter>Engine\Core\Scene\Object</Filter>
    </ClCompile>
    <ClCompile Include="Transform.cpp">
      <Filter>Engine\Core</Filter>
    </ClCompile>
    <ClCompile Include="RotatorComponent.cpp">
      <Filter>Source\Components</Filter>
    </ClCompile>
    <ClCompile Include="..\3rdParty\ImGui\imgui.cpp">
      <Filter>ImGui</Filter>
    </ClCompile>
    <ClCompile Include="..\3rdParty\ImGui\imgui_demo.cpp">
      <Filter>ImGui</Filter>
    </ClCompile>
    <ClCompile Include="..\3rdParty\ImGui\imgui_draw.cpp">
      <Filter>ImGui</Filter>
    </ClCompile>
    <ClCompile Include="..\3rdParty\ImGui\imgui_tables.cpp">
      <Filter>ImGui</Filter>
    </ClCompile>
    <ClCompile Include="..\3rdParty\ImGui\imgui_widgets.cpp">
      <Filter>ImGui</Filter>
    </ClCompile>
    <ClCompile Include="..\3rdParty\ImGui\backends\imgui_impl_opengl3.cpp">
      <Filter>ImGui</Filter>
    </ClCompile>
    <ClCompile Include="..\3rdParty\ImGui\backends\imgui_impl_sdl2.cpp">
      <Filter>ImGui</Filter>
    </ClCompile>
    <ClCompile Include="..\3rdParty\ImGui-plot\src\imgui_plot.cpp">
      <Filter>ImGui-plot</Filter>
    </ClCompile>
    <ClCompile Include="ThrashTheCacheComponent.cpp">
      <Filter>Source\Components</Filter>
    </ClCompile>
    <ClCompile Include="InputManager.cpp">
      <Filter>Engine\Core\Input</Filter>
    </ClCompile>
    <ClCompile Include="Command.cpp">
      <Filter>Engine\Core\Input</Filter>
    </ClCompile>
    <ClCompile Include="GamepadXInput.cpp">
      <Filter>Engine\Core\Input\Device\Impl</Filter>
    </ClCompile>
    <ClCompile Include="Gamepad.cpp">
      <Filter>Engine\Core\Input\Device</Filter>
    </ClCompile>
    <ClCompile Include="InputDevice.cpp">
      <Filter>Engine\Core\Input\Device</Filter>
    </ClCompile>
    <ClCompile Include="KeyboardSDL.cpp">
      <Filter>Engine\Core\Input\Device\Impl</Filter>
    </ClCompile>
    <ClCompile Include="Keyboard.cpp">
      <Filter>Engine\Core\Input\Device</Filter>
    </ClCompile>
    <ClCompile Include="LogCommand.cpp">
      <Filter>Source\Commands</Filter>
    </ClCompile>
    <ClCompile Include="MoveCommand.cpp">
      <Filter>Source\Commands</Filter>
    </ClCompile>
    <ClCompile Include="MoveComponent.cpp">
      <Filter>Source\Components</Filter>
    </ClCompile>
    <ClCompile Include="Texture2D.cpp">
      <Filter>Engine\Util</Filter>
    </ClCompile>
    <ClCompile Include="Subject.cpp">
      <Filter>Engine\Core\Event</Filter>
    </ClCompile>
    <ClCompile Include="AchievementObserver.cpp">
      <Filter>Source\Observers</Filter>
    </ClCompile>
    <ClCompile Include="SteamAchievementManager.cpp">
      <Filter>Engine\Core\Steam\Achievement</Filter>
    </ClCompile>
    <ClCompile Include="ScoreComponent.cpp">
      <Filter>Source\Components</Filter>
    </ClCompile>
    <ClCompile Include="IncreaseScoreCommand.cpp">
      <Filter>Source\Commands</Filter>
    </ClCompile>
  </ItemGroup>
</Project>