<?xml version="1.0" encoding="utf-8"?>
<Project ToolsVersion="4.0" xmlns="http://schemas.microsoft.com/developer/msbuild/2003">
  <ItemGroup>
    <Filter Include="Source">
      <UniqueIdentifier>{4FC737F1-C7A5-4376-A066-2A32D752A2FF}</UniqueIdentifier>
      <Extensions>cpp;c;cc;cxx;def;odl;idl;hpj;bat;asm;asmx</Extensions>
    </Filter>
    <Filter Include="Source\Components">
      <UniqueIdentifier>{6dc84665-177a-400e-8ef1-3cae68076951}</UniqueIdentifier>
    </Filter>
    <Filter Include="Engine">
      <UniqueIdentifier>{89f6904c-4a24-430c-b0e5-54af41c27f8c}</UniqueIdentifier>
    </Filter>
    <Filter Include="Engine\Core">
      <UniqueIdentifier>{010db517-84c4-469d-a7ea-9fbb8bac2b4f}</UniqueIdentifier>
    </Filter>
    <Filter Include="Engine\Util">
      <UniqueIdentifier>{eeb71849-14b6-4f76-b8bc-894469460d79}</UniqueIdentifier>
    </Filter>
    <Filter Include="Engine\Core\Manager">
      <UniqueIdentifier>{c1b7547e-4c80-4d06-8a17-aff14d334deb}</UniqueIdentifier>
    </Filter>
    <Filter Include="Engine\Core\Scene">
      <UniqueIdentifier>{893fe220-0191-4a7a-acef-688fb2bae64f}</UniqueIdentifier>
    </Filter>
    <Filter Include="Engine\Core\Scene\Object">
      <UniqueIdentifier>{d238718e-772e-4389-9f7c-6e00f7365bea}</UniqueIdentifier>
    </Filter>
  </ItemGroup>
  <ItemGroup>
    <ClInclude Include="TextComponent.h">
      <Filter>Source\Components</Filter>
    </ClInclude>
    <ClInclude Include="Minigin.h">
      <Filter>Engine</Filter>
    </ClInclude>
    <ClInclude Include="GameObject.h">
      <Filter>Engine\Core\Scene\Object</Filter>
    </ClInclude>
    <ClInclude Include="Scene.h">
      <Filter>Engine\Core\Scene</Filter>
    </ClInclude>
    <ClInclude Include="Font.h">
      <Filter>Engine\Core</Filter>
    </ClInclude>
    <ClInclude Include="Singleton.h">
      <Filter>Engine\Util</Filter>
    </ClInclude>
    <ClInclude Include="ResourceManager.h">
      <Filter>Engine\Core\Manager</Filter>
    </ClInclude>
    <ClInclude Include="InputManager.h">
      <Filter>Engine\Core\Manager</Filter>
    </ClInclude>
    <ClInclude Include="SceneManager.h">
      <Filter>Engine\Core\Manager</Filter>
    </ClInclude>
    <ClInclude Include="Renderer.h">
      <Filter>Engine\Core</Filter>
    </ClInclude>
    <ClInclude Include="Texture2D.h">
      <Filter>Engine\Core</Filter>
    </ClInclude>
    <ClInclude Include="TextureComponent.h">
      <Filter>Source\Components</Filter>
    </ClInclude>
    <ClInclude Include="FpsComponent.h">
      <Filter>Source\Components</Filter>
    </ClInclude>
    <ClInclude Include="BaseComponent.h">
      <Filter>Engine\Core\Scene\Object</Filter>
    </ClInclude>
    <ClInclude Include="Transform.h">
      <Filter>Engine\Core</Filter>
    </ClInclude>
  </ItemGroup>
  <ItemGroup>
    <ClCompile Include="Main.cpp">
      <Filter>Source</Filter>
    </ClCompile>
    <ClCompile Include="Minigin.cpp">
      <Filter>Engine</Filter>
    </ClCompile>
    <ClCompile Include="TextComponent.cpp">
      <Filter>Source\Components</Filter>
    </ClCompile>
    <ClCompile Include="GameObject.cpp">
      <Filter>Engine\Core\Scene\Object</Filter>
    </ClCompile>
    <ClCompile Include="Scene.cpp">
      <Filter>Engine\Core\Scene</Filter>
    </ClCompile>
    <ClCompile Include="Font.cpp">
      <Filter>Engine\Core</Filter>
    </ClCompile>
    <ClCompile Include="ResourceManager.cpp">
      <Filter>Engine\Core\Manager</Filter>
    </ClCompile>
    <ClCompile Include="InputManager.cpp">
      <Filter>Engine\Core\Manager</Filter>
    </ClCompile>
    <ClCompile Include="SceneManager.cpp">
      <Filter>Engine\Core\Manager</Filter>
    </ClCompile>
    <ClCompile Include="Renderer.cpp">
      <Filter>Engine\Core</Filter>
    </ClCompile>
    <ClCompile Include="Texture2D.cpp">
      <Filter>Engine\Core</Filter>
    </ClCompile>
    <ClCompile Include="TextureComponent.cpp">
      <Filter>Source\Components</Filter>
    </ClCompile>
    <ClCompile Include="FpsComponent.cpp">
      <Filter>Source\Components</Filter>
    </ClCompile>
    <ClCompile Include="BaseComponent.cpp">
      <Filter>Engine\Core\Scene\Object</Filter>
    </ClCompile>
    <ClCompile Include="Transform.cpp">
      <Filter>Engine\Core</Filter>
    </ClCompile>
  </ItemGroup>
</Project>