<?xml version="1.0" encoding="utf-8"?>
<Project ToolsVersion="4.0" xmlns="http://schemas.microsoft.com/developer/msbuild/2003">
  <ItemGroup>
    <Filter Include="Source">
      <UniqueIdentifier>{65be3392-5ffb-42be-ae09-29267d8ab9c1}</UniqueIdentifier>
    </Filter>
    <Filter Include="Source\Components">
      <UniqueIdentifier>{1ae7b58d-96c3-4a48-afc1-6de9a10e7169}</UniqueIdentifier>
    </Filter>
    <Filter Include="Source\Commands">
      <UniqueIdentifier>{13b55710-f4bf-40f7-af8a-a955878d5f4c}</UniqueIdentifier>
    </Filter>
    <Filter Include="Source\Observers">
      <UniqueIdentifier>{ebd56cce-3df1-4199-aceb-b8f03705a69d}</UniqueIdentifier>
    </Filter>
  </ItemGroup>
  <ItemGroup>
    <ClCompile Include="Main.cpp">
      <Filter>Source</Filter>
    </ClCompile>
    <ClCompile Include="DamageCommand.cpp">
      <Filter>Source\Commands</Filter>
    </ClCompile>
    <ClCompile Include="HealthComponent.cpp">
      <Filter>Source\Components</Filter>
    </ClCompile>
    <ClCompile Include="IncreaseScoreCommand.cpp">
      <Filter>Source\Commands</Filter>
    </ClCompile>
    <ClCompile Include="MoveCommand.cpp">
      <Filter>Source\Commands</Filter>
    </ClCompile>
    <ClCompile Include="MoveComponent.cpp">
      <Filter>Source\Components</Filter>
    </ClCompile>
    <ClCompile Include="ScoreComponent.cpp">
      <Filter>Source\Components</Filter>
    </ClCompile>
    <ClCompile Include="Qbert.cpp">
      <Filter>Source</Filter>
    </ClCompile>
    <ClCompile Include="SelectionMenuComponent.cpp">
      <Filter>Source\Components</Filter>
    </ClCompile>
    <ClCompile Include="MenuCommand.cpp">
      <Filter>Source\Commands</Filter>
    </ClCompile>
    <ClCompile Include="SoundObserver.cpp">
      <Filter>Source\Observers</Filter>
    </ClCompile>
    <ClCompile Include="RhombilleGridComponent.cpp">
      <Filter>Source\Components</Filter>
    </ClCompile>
  </ItemGroup>
  <ItemGroup>
    <ClInclude Include="DamageCommand.h">
      <Filter>Source\Commands</Filter>
    </ClInclude>
    <ClInclude Include="HealthComponent.h">
      <Filter>Source\Components</Filter>
    </ClInclude>
    <ClInclude Include="IncreaseScoreCommand.h">
      <Filter>Source\Commands</Filter>
    </ClInclude>
    <ClInclude Include="MoveCommand.h">
      <Filter>Source\Commands</Filter>
    </ClInclude>
    <ClInclude Include="MoveComponent.h">
      <Filter>Source\Components</Filter>
    </ClInclude>
    <ClInclude Include="ScoreComponent.h">
      <Filter>Source\Components</Filter>
    </ClInclude>
    <ClInclude Include="Qbert.h">
      <Filter>Source</Filter>
    </ClInclude>
    <ClInclude Include="SelectionMenuComponent.h">
      <Filter>Source\Components</Filter>
    </ClInclude>
    <ClInclude Include="MenuCommand.h">
      <Filter>Source\Commands</Filter>
    </ClInclude>
    <ClInclude Include="SoundObserver.h">
      <Filter>Source\Observers</Filter>
    </ClInclude>
    <ClInclude Include="RhombilleGridComponent.h">
      <Filter>Source\Components</Filter>
    </ClInclude>
  </ItemGroup>
</Project>