<?xml version="1.0" encoding="utf-8"?>
<Project ToolsVersion="4.0" xmlns="http://schemas.microsoft.com/developer/msbuild/2003">
  <ItemGroup>
    <Filter Include="Source">
      <UniqueIdentifier>{65be3392-5ffb-42be-ae09-29267d8ab9c1}</UniqueIdentifier>
    </Filter>
    <Filter Include="Source\Components">
      <UniqueIdentifier>{1ae7b58d-96c3-4a48-afc1-6de9a10e7169}</UniqueIdentifier>
    </Filter>
    <Filter Include="Source\Commands">
      <UniqueIdentifier>{13b55710-f4bf-40f7-af8a-a955878d5f4c}</UniqueIdentifier>
    </Filter>
    <Filter Include="Source\Observers">
      <UniqueIdentifier>{ebd56cce-3df1-4199-aceb-b8f03705a69d}</UniqueIdentifier>
    </Filter>
    <Filter Include="Source\States">
      <UniqueIdentifier>{0164a6c0-db7d-4139-9c10-7bda3eb0208e}</UniqueIdentifier>
    </Filter>
    <Filter Include="Source\States\Game">
      <UniqueIdentifier>{022a710a-9f8f-4942-8f4c-75386d11ec72}</UniqueIdentifier>
    </Filter>
    <Filter Include="Source\States\Coily">
      <UniqueIdentifier>{f4bd4674-92ca-411b-ad32-2fdb6325ea15}</UniqueIdentifier>
    </Filter>
  </ItemGroup>
  <ItemGroup>
    <ClCompile Include="Main.cpp">
      <Filter>Source</Filter>
    </ClCompile>
    <ClCompile Include="KillCommand.cpp">
      <Filter>Source\Commands</Filter>
    </ClCompile>
    <ClCompile Include="LivesComponent.cpp">
      <Filter>Source\Components</Filter>
    </ClCompile>
    <ClCompile Include="IncreaseScoreCommand.cpp">
      <Filter>Source\Commands</Filter>
    </ClCompile>
    <ClCompile Include="ScoreComponent.cpp">
      <Filter>Source\Components</Filter>
    </ClCompile>
    <ClCompile Include="Qbert.cpp">
      <Filter>Source</Filter>
    </ClCompile>
    <ClCompile Include="SelectionMenuComponent.cpp">
      <Filter>Source\Components</Filter>
    </ClCompile>
    <ClCompile Include="MenuCommand.cpp">
      <Filter>Source\Commands</Filter>
    </ClCompile>
    <ClCompile Include="SoundObserver.cpp">
      <Filter>Source\Observers</Filter>
    </ClCompile>
    <ClCompile Include="RhombilleGridComponent.cpp">
      <Filter>Source\Components</Filter>
    </ClCompile>
    <ClCompile Include="GridMovementComponent.cpp">
      <Filter>Source\Components</Filter>
    </ClCompile>
    <ClCompile Include="MoveCommand.cpp">
      <Filter>Source\Commands</Filter>
    </ClCompile>
    <ClCompile Include="PlayerMovementObserver.cpp">
      <Filter>Source\Observers</Filter>
    </ClCompile>
    <ClCompile Include="GridNavigationComponent.cpp">
      <Filter>Source\Components</Filter>
    </ClCompile>
    <ClCompile Include="LevelComponent.cpp">
      <Filter>Source\Components</Filter>
    </ClCompile>
    <ClCompile Include="ChangeGameStateCommand.cpp">
      <Filter>Source\Commands</Filter>
    </ClCompile>
    <ClCompile Include="RepeatingTextureComponent.cpp">
      <Filter>Source\Components</Filter>
    </ClCompile>
    <ClCompile Include="PlayerLivesObserver.cpp">
      <Filter>Source\Observers</Filter>
    </ClCompile>
    <ClCompile Include="CoilyComponent.cpp">
      <Filter>Source\Components</Filter>
    </ClCompile>
    <ClCompile Include="MenuGameState.cpp">
      <Filter>Source\States\Game</Filter>
    </ClCompile>
    <ClCompile Include="SinglePlayerGameState.cpp">
      <Filter>Source\States\Game</Filter>
    </ClCompile>
    <ClCompile Include="AbstractCoilyState.cpp">
      <Filter>Source\States\Coily</Filter>
    </ClCompile>
    <ClCompile Include="CoilyStateBall.cpp">
      <Filter>Source\States\Coily</Filter>
    </ClCompile>
    <ClCompile Include="CoilyStateSnake.cpp">
      <Filter>Source\States\Coily</Filter>
    </ClCompile>
    <ClCompile Include="ChangeCoilyStateCommand.cpp">
      <Filter>Source\Commands</Filter>
    </ClCompile>
    <ClCompile Include="CoilyBallMovementObserver.cpp">
      <Filter>Source\Observers</Filter>
    </ClCompile>
    <ClCompile Include="EnemySpawnerComponent.cpp">
      <Filter>Source\Components</Filter>
    </ClCompile>
    <ClCompile Include="CoilySnakeMovementObserver.cpp">
      <Filter>Source\Observers</Filter>
    </ClCompile>
    <ClCompile Include="LevelObserver.cpp">
      <Filter>Source\Observers</Filter>
    </ClCompile>
    <ClCompile Include="RhombilleGridAnimationComponent.cpp">
      <Filter>Source\Components</Filter>
    </ClCompile>
    <ClCompile Include="AnimationObserver.cpp">
      <Filter>Source\Observers</Filter>
    </ClCompile>
    <ClCompile Include="ChangeToComponent.cpp">
      <Filter>Source\Components</Filter>
    </ClCompile>
    <ClCompile Include="PlayerComponent.cpp">
      <Filter>Source\Components</Filter>
    </ClCompile>
  </ItemGroup>
  <ItemGroup>
    <ClInclude Include="KillCommand.h">
      <Filter>Source\Commands</Filter>
    </ClInclude>
    <ClInclude Include="LivesComponent.h">
      <Filter>Source\Components</Filter>
    </ClInclude>
    <ClInclude Include="IncreaseScoreCommand.h">
      <Filter>Source\Commands</Filter>
    </ClInclude>
    <ClInclude Include="ScoreComponent.h">
      <Filter>Source\Components</Filter>
    </ClInclude>
    <ClInclude Include="Qbert.h">
      <Filter>Source</Filter>
    </ClInclude>
    <ClInclude Include="SelectionMenuComponent.h">
      <Filter>Source\Components</Filter>
    </ClInclude>
    <ClInclude Include="MenuCommand.h">
      <Filter>Source\Commands</Filter>
    </ClInclude>
    <ClInclude Include="SoundObserver.h">
      <Filter>Source\Observers</Filter>
    </ClInclude>
    <ClInclude Include="RhombilleGridComponent.h">
      <Filter>Source\Components</Filter>
    </ClInclude>
    <ClInclude Include="GridMovementComponent.h">
      <Filter>Source\Components</Filter>
    </ClInclude>
    <ClInclude Include="MoveCommand.h">
      <Filter>Source\Commands</Filter>
    </ClInclude>
    <ClInclude Include="PlayerMovementObserver.h">
      <Filter>Source\Observers</Filter>
    </ClInclude>
    <ClInclude Include="GridNavigationComponent.h">
      <Filter>Source\Components</Filter>
    </ClInclude>
    <ClInclude Include="LevelComponent.h">
      <Filter>Source\Components</Filter>
    </ClInclude>
    <ClInclude Include="ChangeGameStateCommand.h">
      <Filter>Source\Commands</Filter>
    </ClInclude>
    <ClInclude Include="RepeatingTextureComponent.h">
      <Filter>Source\Components</Filter>
    </ClInclude>
    <ClInclude Include="PlayerLivesObserver.h">
      <Filter>Source\Observers</Filter>
    </ClInclude>
    <ClInclude Include="CoilyComponent.h">
      <Filter>Source\Components</Filter>
    </ClInclude>
    <ClInclude Include="AbstractGameState.h">
      <Filter>Source\States\Game</Filter>
    </ClInclude>
    <ClInclude Include="MenuGameState.h">
      <Filter>Source\States\Game</Filter>
    </ClInclude>
    <ClInclude Include="SinglePlayerGameState.h">
      <Filter>Source\States\Game</Filter>
    </ClInclude>
    <ClInclude Include="AbstractCoilyState.h">
      <Filter>Source\States\Coily</Filter>
    </ClInclude>
    <ClInclude Include="CoilyStateBall.h">
      <Filter>Source\States\Coily</Filter>
    </ClInclude>
    <ClInclude Include="CoilyStateSnake.h">
      <Filter>Source\States\Coily</Filter>
    </ClInclude>
    <ClInclude Include="ChangeCoilyStateCommand.h">
      <Filter>Source\Commands</Filter>
    </ClInclude>
    <ClInclude Include="CoilyBallMovementObserver.h">
      <Filter>Source\Observers</Filter>
    </ClInclude>
    <ClInclude Include="EnemySpawnerComponent.h">
      <Filter>Source\Components</Filter>
    </ClInclude>
    <ClInclude Include="CoilySnakeMovementObserver.h">
      <Filter>Source\Observers</Filter>
    </ClInclude>
    <ClInclude Include="LevelObserver.h">
      <Filter>Source\Observers</Filter>
    </ClInclude>
    <ClInclude Include="RhombilleGridAnimationComponent.h">
      <Filter>Source\Components</Filter>
    </ClInclude>
    <ClInclude Include="AnimationObserver.h">
      <Filter>Source\Observers</Filter>
    </ClInclude>
    <ClInclude Include="ChangeToComponent.h">
      <Filter>Source\Components</Filter>
    </ClInclude>
    <ClInclude Include="PlayerComponent.h">
      <Filter>Source\Components</Filter>
    </ClInclude>
  </ItemGroup>
</Project>